{
  "nodes": {
    "w11": {
      "inputs": {
        "nixpkgs": [
          "nixpkgs"
        ]
      },
      "locked": {
        "path": "../..",
        "type": "path"
      },
      "original": {
        "path": "../..",
        "type": "path"
      },
      "parent": []
    },
    "nixpkgs": {
      "locked": {
        "lastModified": 1788807765,
        "narHash": "sha256-J9oC0bKnkXUrMegqRTXVkyDFJ0gn2U/Qpoo9HgGMQmA=",
        "owner": "NixOS",
        "repo": "nixpkgs",
        "rev": "93108a538f079596c9a16c72cf03e9322782b6dd",
        "type": "github"
      },
      "original": {
        "owner": "NixOS",
        "ref": "nixos-26.05",
        "repo": "nixpkgs",
        "type": "github"
      }
    },
    "root": {
      "inputs": {
        "w11": "w11",
        "nixpkgs": "nixpkgs"
      }
    }
  },
  "root": "root",
  "version": 7
}
